dependencies:
  espressif/jsmn:
    component_hash: 8a089e2471dba1d0b3ddd231a34abcfc01540d358bcfb0ad4b9b2406c38f984f
    dependencies:
    - name: idf
      require: private
      version: '>=4.3'
    source:
      registry_url: https://components.espressif.com/
      type: service
    version: 1.0.0
  idf:
    source:
      type: idf
    version: 5.5.1
direct_dependencies:
- espressif/jsmn
- idf
manifest_hash: 3d1f8a92656a80ce0d2f4017a09c5256e4acb21d4d5ab8d0753edbfba2726587
target: esp32s3
version: 2.0.0
